
Microsoft Visual Studio Solution File, Format Version 12.00
# Visual Studio Version 16
VisualStudioVersion = 16.0.30309.148
MinimumVisualStudioVersion = 10.0.40219.1
Project("{9A19103F-16F7-4668-BE54-9A1E7A4F7556}") = "WADWebsite", "WADWebsite\WADWebsite.csproj", "{D4885108-C56D-4AF5-AE4B-6B00B68DE2DF}"
EndProject
Global
	GlobalSection(SolutionConfigurationPlatforms) = preSolution
		Debug|Any CPU = Debug|Any CPU
		Release|Any CPU = Release|Any CPU
	EndGlobalSection
	GlobalSection(ProjectConfigurationPlatforms) = postSolution
		{D4885108-C56D-4AF5-AE4B-6B00B68DE2DF}.Debug|Any CPU.ActiveCfg = Debug|Any CPU
		{D4885108-C56D-4AF5-AE4B-6B00B68DE2DF}.Debug|Any CPU.Build.0 = Debug|Any CPU
		{D4885108-C56D-4AF5-AE4B-6B00B68DE2DF}.Release|Any CPU.ActiveCfg = Release|Any CPU
		{D4885108-C56D-4AF5-AE4B-6B00B68DE2DF}.Release|Any CPU.Build.0 = Release|Any CPU
	EndGlobalSection
	GlobalSection(SolutionProperties) = preSolution
		HideSolutionNode = FALSE
	EndGlobalSection
	GlobalSection(ExtensibilityGlobals) = postSolution
		SolutionGuid = {3DE79D7D-68C4-49A2-B24A-9FFEF46F3592}
	EndGlobalSection
EndGlobal
